
Microsoft Visual Studio Solution File, Format Version 12.00
# Visual Studio Version 17
VisualStudioVersion = 17.3.32929.385
MinimumVisualStudioVersion = 10.0.40219.1
Project("{FAE04EC0-301F-11D3-BF4B-00C04F79EFBC}") = "Launch_LinqExercises", "Launch_LinqExercises\Launch_LinqExercises.csproj", "{D4DF03EF-9D10-4C46-B042-652D4D5197F0}"
EndProject
Global
	GlobalSection(SolutionConfigurationPlatforms) = preSolution
		Debug|Any CPU = Debug|Any CPU
		Release|Any CPU = Release|Any CPU
	EndGlobalSection
	GlobalSection(ProjectConfigurationPlatforms) = postSolution
		{D4DF03EF-9D10-4C46-B042-652D4D5197F0}.Debug|Any CPU.ActiveCfg = Debug|Any CPU
		{D4DF03EF-9D10-4C46-B042-652D4D5197F0}.Debug|Any CPU.Build.0 = Debug|Any CPU
		{D4DF03EF-9D10-4C46-B042-652D4D5197F0}.Release|Any CPU.ActiveCfg = Release|Any CPU
		{D4DF03EF-9D10-4C46-B042-652D4D5197F0}.Release|Any CPU.Build.0 = Release|Any CPU
	EndGlobalSection
	GlobalSection(SolutionProperties) = preSolution
		HideSolutionNode = FALSE
	EndGlobalSection
	GlobalSection(ExtensibilityGlobals) = postSolution
		SolutionGuid = {F46FE948-5F2C-44CB-9179-28183005037B}
	EndGlobalSection
EndGlobal
